// !$*UTF8*$!
{
	archiveVersion = 1;
	classes = {
	};
	objectVersion = 46;
	objects = {

/* Begin PBXBuildFile section */
		8D6C82BD20BEED3300A14401 /* AppDelegate.swift in Sources */ = {isa = PBXBuildFile; fileRef = 8D6C82BC20BEED3300A14401 /* AppDelegate.swift */; };
		8D6C82BF20BEED3300A14401 /* ViewController.swift in Sources */ = {isa = PBXBuildFile; fileRef = 8D6C82BE20BEED3300A14401 /* ViewController.swift */; };
		8D6C82C220BEED3300A14401 /* itunesK.xcdatamodeld in Sources */ = {isa = PBXBuildFile; fileRef = 8D6C82C020BEED3300A14401 /* itunesK.xcdatamodeld */; };
		8D6C82C420BEED3300A14401 /* Assets.xcassets in Resources */ = {isa = PBXBuildFile; fileRef = 8D6C82C320BEED3300A14401 /* Assets.xcassets */; };
		8D6C82C720BEED3300A14401 /* Main.storyboard in Resources */ = {isa = PBXBuildFile; fileRef = 8D6C82C520BEED3300A14401 /* Main.storyboard */; };
		8DB0D95C20BF1A7B000BF1E3 /* iTunesLibrary.framework in Frameworks */ = {isa = PBXBuildFile; fileRef = 8DB0D95B20BF1A7B000BF1E3 /* iTunesLibrary.framework */; };
/* End PBXBuildFile section */

/* Begin PBXFileReference section */
		8D6C82B920BEED3300A14401 /* itunesK.app */ = {isa = PBXFileReference; explicitFileType = wrapper.application; includeInIndex = 0; path = itunesK.app; sourceTree = BUILT_PRODUCTS_DIR; };
		8D6C82BC20BEED3300A14401 /* AppDelegate.swift */ = {isa = PBXFileReference; lastKnownFileType = sourcecode.swift; path = AppDelegate.swift; sourceTree = "<group>"; };
		8D6C82BE20BEED3300A14401 /* ViewController.swift */ = {isa = PBXFileReference; lastKnownFileType = sourcecode.swift; path = ViewController.swift; sourceTree = "<group>"; };
		8D6C82C120BEED3300A14401 /* itunesK.xcdatamodel */ = {isa = PBXFileReference; lastKnownFileType = wrapper.xcdatamodel; path = itunesK.xcdatamodel; sourceTree = "<group>"; };
		8D6C82C320BEED3300A14401 /* Assets.xcassets */ = {isa = PBXFileReference; lastKnownFileType = folder.assetcatalog; path = Assets.xcassets; sourceTree = "<group>"; };
		8D6C82C620BEED3300A14401 /* Base */ = {isa = PBXFileReference; lastKnownFileType = file.storyboard; name = Base; path = Base.lproj/Main.storyboard; sourceTree = "<group>"; };
		8D6C82C820BEED3300A14401 /* Info.plist */ = {isa = PBXFileReference; lastKnownFileType = text.plist.xml; path = Info.plist; sourceTree = "<group>"; };
		8DB0D95B20BF1A7B000BF1E3 /* iTunesLibrary.framework */ = {isa = PBXFileReference; lastKnownFileType = wrapper.framework; name = iTunesLibrary.framework; path = ../../../../Library/Frameworks/iTunesLibrary.framework; sourceTree = "<group>"; };
/* End PBXFileReference section */

/* Begin PBXFrameworksBuildPhase section */
		8D6C82B620BEED3300A14401 /* Frameworks */ = {
			isa = PBXFrameworksBuildPhase;
			buildActionMask = 2147483647;
			files = (
				8DB0D95C20BF1A7B000BF1E3 /* iTunesLibrary.framework in Frameworks */,
			);
			runOnlyForDeploymentPostprocessing = 0;
		};
/* End PBXFrameworksBuildPhase section */

/* Begin PBXGroup section */
		8D6C82B020BEED3300A14401 = {
			isa = PBXGroup;
			children = (
				8D6C82BB20BEED3300A14401 /* itunesK */,
				8D6C82BA20BEED3300A14401 /* Products */,
				8DB0D95A20BF1A7B000BF1E3 /* Frameworks */,
			);
			sourceTree = "<group>";
		};
		8D6C82BA20BEED3300A14401 /* Products */ = {
			isa = PBXGroup;
			children = (
				8D6C82B920BEED3300A14401 /* itunesK.app */,
			);
			name = Products;
			sourceTree = "<group>";
		};
		8D6C82BB20BEED3300A14401 /* itunesK */ = {
			isa = PBXGroup;
			children = (
				8D6C82BC20BEED3300A14401 /* AppDelegate.swift */,
				8D6C82BE20BEED3300A14401 /* ViewController.swift */,
				8D6C82C320BEED3300A14401 /* Assets.xcassets */,
				8D6C82C520BEED3300A14401 /* Main.storyboard */,
				8D6C82C820BEED3300A14401 /* Info.plist */,
				8D6C82C020BEED3300A14401 /* itunesK.xcdatamodeld */,
			);
			path = itunesK;
			sourceTree = "<group>";
		};
		8DB0D95A20BF1A7B000BF1E3 /* Frameworks */ = {
			isa = PBXGroup;
			children = (
				8DB0D95B20BF1A7B000BF1E3 /* iTunesLibrary.framework */,
			);
			name = Frameworks;
			sourceTree = "<group>";
		};
/* End PBXGroup section */

/* Begin PBXNativeTarget section */
		8D6C82B820BEED3300A14401 /* itunesK */ = {
			isa = PBXNativeTarget;
			buildConfigurationList = 8D6C82CB20BEED3300A14401 /* Build configuration list for PBXNativeTarget "itunesK" */;
			buildPhases = (
				8D6C82B520BEED3300A14401 /* Sources */,
				8D6C82B620BEED3300A14401 /* Frameworks */,
				8D6C82B720BEED3300A14401 /* Resources */,
			);
			buildRules = (
			);
			dependencies = (
			);
			name = itunesK;
			productName = itunesK;
			productReference = 8D6C82B920BEED3300A14401 /* itunesK.app */;
			productType = "com.apple.product-type.application";
		};
/* End PBXNativeTarget section */

/* Begin PBXProject section */
		8D6C82B120BEED3300A14401 /* Project object */ = {
			isa = PBXProject;
			attributes = {
				LastSwiftUpdateCheck = 0830;
				LastUpgradeCheck = 0940;
				ORGANIZATIONNAME = Viet;
				TargetAttributes = {
					8D6C82B820BEED3300A14401 = {
						CreatedOnToolsVersion = 8.3.3;
						DevelopmentTeam = J247BFW6KA;
						LastSwiftMigration = 0940;
						ProvisioningStyle = Automatic;
					};
				};
			};
			buildConfigurationList = 8D6C82B420BEED3300A14401 /* Build configuration list for PBXProject "itunesK" */;
			compatibilityVersion = "Xcode 3.2";
			developmentRegion = English;
			hasScannedForEncodings = 0;
			knownRegions = (
				en,
				Base,
			);
			mainGroup = 8D6C82B020BEED3300A14401;
			productRefGroup = 8D6C82BA20BEED3300A14401 /* Products */;
			projectDirPath = "";
			projectRoot = "";
			targets = (
				8D6C82B820BEED3300A14401 /* itunesK */,
			);
		};
/* End PBXProject section */

/* Begin PBXResourcesBuildPhase section */
		8D6C82B720BEED3300A14401 /* Resources */ = {
			isa = PBXResourcesBuildPhase;
			buildActionMask = 2147483647;
			files = (
				8D6C82C420BEED3300A14401 /* Assets.xcassets in Resources */,
				8D6C82C720BEED3300A14401 /* Main.storyboard in Resources */,
			);
			runOnlyForDeploymentPostprocessing = 0;
		};
/* End PBXResourcesBuildPhase section */

/* Begin PBXSourcesBuildPhase section */
		8D6C82B520BEED3300A14401 /* Sources */ = {
			isa = PBXSourcesBuildPhase;
			buildActionMask = 2147483647;
			files = (
				8D6C82BF20BEED3300A14401 /* ViewController.swift in Sources */,
				8D6C82C220BEED3300A14401 /* itunesK.xcdatamodeld in Sources */,
				8D6C82BD20BEED3300A14401 /* AppDelegate.swift in Sources */,
			);
			runOnlyForDeploymentPostprocessing = 0;
		};
/* End PBXSourcesBuildPhase section */

/* Begin PBXVariantGroup section */
		8D6C82C520BEED3300A14401 /* Main.storyboard */ = {
			isa = PBXVariantGroup;
			children = (
				8D6C82C620BEED3300A14401 /* Base */,
			);
			name = Main.storyboard;
			sourceTree = "<group>";
		};
/* End PBXVariantGroup section */

/* Begin XCBuildConfiguration section */
		8D6C82C920BEED3300A14401 /* Debug */ = {
			isa = XCBuildConfiguration;
			buildSettings = {
				ALWAYS_SEARCH_USER_PATHS = NO;
				CLANG_ANALYZER_NONNULL = YES;
				CLANG_ANALYZER_NUMBER_OBJECT_CONVERSION = YES_AGGRESSIVE;
				CLANG_CXX_LANGUAGE_STANDARD = "gnu++0x";
				CLANG_CXX_LIBRARY = "libc++";
				CLANG_ENABLE_MODULES = YES;
				CLANG_ENABLE_OBJC_ARC = YES;
				CLANG_WARN_BLOCK_CAPTURE_AUTORELEASING = YES;
				CLANG_WARN_BOOL_CONVERSION = YES;
				CLANG_WARN_COMMA = YES;
				CLANG_WARN_CONSTANT_CONVERSION = YES;
				CLANG_WARN_DEPRECATED_OBJC_IMPLEMENTATIONS = YES;
				CLANG_WARN_DIRECT_OBJC_ISA_USAGE = YES_ERROR;
				CLANG_WARN_DOCUMENTATION_COMMENTS = YES;
				CLANG_WARN_EMPTY_BODY = YES;
				CLANG_WARN_ENUM_CONVERSION = YES;
				CLANG_WARN_INFINITE_RECURSION = YES;
				CLANG_WARN_INT_CONVERSION = YES;
				CLANG_WARN_NON_LITERAL_NULL_CONVERSION = YES;
				CLANG_WARN_OBJC_IMPLICIT_RETAIN_SELF = YES;
				CLANG_WARN_OBJC_LITERAL_CONVERSION = YES;
				CLANG_WARN_OBJC_ROOT_CLASS = YES_ERROR;
				CLANG_WARN_RANGE_LOOP_ANALYSIS = YES;
				CLANG_WARN_STRICT_PROTOTYPES = YES;
				CLANG_WARN_SUSPICIOUS_MOVE = YES;
				CLANG_WARN_UNREACHABLE_CODE = YES;
				CLANG_WARN__DUPLICATE_METHOD_MATCH = YES;
				CODE_SIGN_IDENTITY = "-";
				COPY_PHASE_STRIP = NO;
				DEBUG_INFORMATION_FORMAT = dwarf;
				ENABLE_STRICT_OBJC_MSGSEND = YES;
				ENABLE_TESTABILITY = YES;
				GCC_C_LANGUAGE_STANDARD = gnu99;
				GCC_DYNAMIC_NO_PIC = NO;
				GCC_NO_COMMON_BLOCKS = YES;
				GCC_OPTIMIZATION_LEVEL = 0;
				GCC_PREPROCESSOR_DEFINITIONS = (
					"DEBUG=1",
					"$(inherited)",
				);
				GCC_WARN_64_TO_32_BIT_CONVERSION = YES;
				GCC_WARN_ABOUT_RETURN_TYPE = YES_ERROR;
				GCC_WARN_UNDECLARED_SELECTOR = YES;
				GCC_WARN_UNINITIALIZED_AUTOS = YES_AGGRESSIVE;
				GCC_WARN_UNUSED_FUNCTION = YES;
				GCC_WARN_UNUSED_VARIABLE = YES;
				MACOSX_DEPLOYMENT_TARGET = 10.13;
				MTL_ENABLE_DEBUG_INFO = YES;
				ONLY_ACTIVE_ARCH = YES;
				SDKROOT = macosx;
				SWIFT_ACTIVE_COMPILATION_CONDITIONS = DEBUG;
				SWIFT_OPTIMIZATION_LEVEL = "-Onone";
			};
			name = Debug;
		};
		8D6C82CA20BEED3300A14401 /* Release */ = {
			isa = XCBuildConfiguration;
			buildSettings = {
				ALWAYS_SEARCH_USER_PATHS = NO;
				CLANG_ANALYZER_NONNULL = YES;
				CLANG_ANALYZER_NUMBER_OBJECT_CONVERSION = YES_AGGRESSIVE;
				CLANG_CXX_LANGUAGE_STANDARD = "gnu++0x";
				CLANG_CXX_LIBRARY = "libc++";
				CLANG_ENABLE_MODULES = YES;
				CLANG_ENABLE_OBJC_ARC = YES;
				CLANG_WARN_BLOCK_CAPTURE_AUTORELEASING = YES;
				CLANG_WARN_BOOL_CONVERSION = YES;
				CLANG_WARN_COMMA = YES;
				CLANG_WARN_CONSTANT_CONVERSION = YES;
				CLANG_WARN_DEPRECATED_OBJC_IMPLEMENTATIONS = YES;
				CLANG_WARN_DIRECT_OBJC_ISA_USAGE = YES_ERROR;
				CLANG_WARN_DOCUMENTATION_COMMENTS = YES;
				CLANG_WARN_EMPTY_BODY = YES;
				CLANG_WARN_ENUM_CONVERSION = YES;
				CLANG_WARN_INFINITE_RECURSION = YES;
				CLANG_WARN_INT_CONVERSION = YES;
				CLANG_WARN_NON_LITERAL_NULL_CONVERSION = YES;
				CLANG_WARN_OBJC_IMPLICIT_RETAIN_SELF = YES;
				CLANG_WARN_OBJC_LITERAL_CONVERSION = YES;
				CLANG_WARN_OBJC_ROOT_CLASS = YES_ERROR;
				CLANG_WARN_RANGE_LOOP_ANALYSIS = YES;
				CLANG_WARN_STRICT_PROTOTYPES = YES;
				CLANG_WARN_SUSPICIOUS_MOVE = YES;
				CLANG_WARN_UNREACHABLE_CODE = YES;
				CLANG_WARN__DUPLICATE_METHOD_MATCH = YES;
				CODE_SIGN_IDENTITY = "-";
				COPY_PHASE_STRIP = NO;
				DEBUG_INFORMATION_FORMAT = "dwarf-with-dsym";
				ENABLE_NS_ASSERTIONS = NO;
				ENABLE_STRICT_OBJC_MSGSEND = YES;
				GCC_C_LANGUAGE_STANDARD = gnu99;
				GCC_NO_COMMON_BLOCKS = YES;
				GCC_WARN_64_TO_32_BIT_CONVERSION = YES;
				GCC_WARN_ABOUT_RETURN_TYPE = YES_ERROR;
				GCC_WARN_UNDECLARED_SELECTOR = YES;
				GCC_WARN_UNINITIALIZED_AUTOS = YES_AGGRESSIVE;
				GCC_WARN_UNUSED_FUNCTION = YES;
				GCC_WARN_UNUSED_VARIABLE = YES;
				MACOSX_DEPLOYMENT_TARGET = 10.13;
				MTL_ENABLE_DEBUG_INFO = NO;
				SDKROOT = macosx;
				SWIFT_OPTIMIZATION_LEVEL = "-Owholemodule";
			};
			name = Release;
		};
		8D6C82CC20BEED3300A14401 /* Debug */ = {
			isa = XCBuildConfiguration;
			buildSettings = {
				ASSETCATALOG_COMPILER_APPICON_NAME = AppIcon;
				CODE_SIGN_IDENTITY = "Mac Developer";
				COMBINE_HIDPI_IMAGES = YES;
				DEVELOPMENT_TEAM = J247BFW6KA;
				FRAMEWORK_SEARCH_PATHS = (
					"$(inherited)",
					"$(LOCAL_LIBRARY_DIR)/Frameworks",
				);
				INFOPLIST_FILE = itunesK/Info.plist;
				LD_RUNPATH_SEARCH_PATHS = "$(inherited) @executable_path/../Frameworks";
				MACOSX_DEPLOYMENT_TARGET = 10.12;
				PRODUCT_BUNDLE_IDENTIFIER = stark.itunesK;
				PRODUCT_NAME = "$(TARGET_NAME)";
				PROVISIONING_PROFILE_SPECIFIER = "";
				SWIFT_SWIFT3_OBJC_INFERENCE = On;
				SWIFT_VERSION = 4.0;
			};
			name = Debug;
		};
		8D6C82CD20BEED3300A14401 /* Release */ = {
			isa = XCBuildConfiguration;
			buildSettings = {
				ASSETCATALOG_COMPILER_APPICON_NAME = AppIcon;
				CODE_SIGN_IDENTITY = "Mac Developer";
				COMBINE_HIDPI_IMAGES = YES;
				DEVELOPMENT_TEAM = J247BFW6KA;
				FRAMEWORK_SEARCH_PATHS = (
					"$(inherited)",
					"$(LOCAL_LIBRARY_DIR)/Frameworks",
				);
				INFOPLIST_FILE = itunesK/Info.plist;
				LD_RUNPATH_SEARCH_PATHS = "$(inherited) @executable_path/../Frameworks";
				MACOSX_DEPLOYMENT_TARGET = 10.12;
				PRODUCT_BUNDLE_IDENTIFIER = stark.itunesK;
				PRODUCT_NAME = "$(TARGET_NAME)";
				PROVISIONING_PROFILE_SPECIFIER = "";
				SWIFT_SWIFT3_OBJC_INFERENCE = On;
				SWIFT_VERSION = 4.0;
			};
			name = Release;
		};
/* End XCBuildConfiguration section */

/* Begin XCConfigurationList section */
		8D6C82B420BEED3300A14401 /* Build configuration list for PBXProject "itunesK" */ = {
			isa = XCConfigurationList;
			buildConfigurations = (
				8D6C82C920BEED3300A14401 /* Debug */,
				8D6C82CA20BEED3300A14401 /* Release */,
			);
			defaultConfigurationIsVisible = 0;
			defaultConfigurationName = Release;
		};
		8D6C82CB20BEED3300A14401 /* Build configuration list for PBXNativeTarget "itunesK" */ = {
			isa = XCConfigurationList;
			buildConfigurations = (
				8D6C82CC20BEED3300A14401 /* Debug */,
				8D6C82CD20BEED3300A14401 /* Release */,
			);
			defaultConfigurationIsVisible = 0;
			defaultConfigurationName = Release;
		};
/* End XCConfigurationList section */

/* Begin XCVersionGroup section */
		8D6C82C020BEED3300A14401 /* itunesK.xcdatamodeld */ = {
			isa = XCVersionGroup;
			children = (
				8D6C82C120BEED3300A14401 /* itunesK.xcdatamodel */,
			);
			currentVersion = 8D6C82C120BEED3300A14401 /* itunesK.xcdatamodel */;
			path = itunesK.xcdatamodeld;
			sourceTree = "<group>";
			versionGroupType = wrapper.xcdatamodel;
		};
/* End XCVersionGroup section */
	};
	rootObject = 8D6C82B120BEED3300A14401 /* Project object */;
}
